
Microsoft Visual Studio Solution File, Format Version 12.00
# Visual Studio Version 17
VisualStudioVersion = 17.6.33717.318
MinimumVisualStudioVersion = 10.0.40219.1
Project("{FAE04EC0-301F-11D3-BF4B-00C04F79EFBC}") = "Interfaces", "Interfaces.csproj", "{4CBD04EB-7E79-4BB1-AA67-5135E892CA42}"
EndProject
Global
	GlobalSection(SolutionConfigurationPlatforms) = preSolution
		Debug|Any CPU = Debug|Any CPU
		Release|Any CPU = Release|Any CPU
	EndGlobalSection
	GlobalSection(ProjectConfigurationPlatforms) = postSolution
		{4CBD04EB-7E79-4BB1-AA67-5135E892CA42}.Debug|Any CPU.ActiveCfg = Debug|Any CPU
		{4CBD04EB-7E79-4BB1-AA67-5135E892CA42}.Debug|Any CPU.Build.0 = Debug|Any CPU
		{4CBD04EB-7E79-4BB1-AA67-5135E892CA42}.Release|Any CPU.ActiveCfg = Release|Any CPU
		{4CBD04EB-7E79-4BB1-AA67-5135E892CA42}.Release|Any CPU.Build.0 = Release|Any CPU
	EndGlobalSection
	GlobalSection(SolutionProperties) = preSolution
		HideSolutionNode = FALSE
	EndGlobalSection
	GlobalSection(ExtensibilityGlobals) = postSolution
		SolutionGuid = {3C683B2D-8571-4E5E-B1EE-237E236F60B8}
	EndGlobalSection
EndGlobal
